
Microsoft Visual Studio Solution File, Format Version 12.00
# Visual Studio Version 17
VisualStudioVersion = 17.0.31903.59
MinimumVisualStudioVersion = 10.0.40219.1
Project("{FAE04EC0-301F-11D3-BF4B-00C04F79EFBC}") = "AllocationChallenge", "AllocationChallenge.csproj", "{867C318F-C6F4-44AF-BB53-B061066BFD19}"
EndProject
Project("{FAE04EC0-301F-11D3-BF4B-00C04F79EFBC}") = "AllocationChallenge.Tests", "Tests\AllocationChallenge.Tests.csproj", "{2F41153D-10BE-4CF7-B487-A1E7490CF4E3}"
EndProject
Global
	GlobalSection(SolutionConfigurationPlatforms) = preSolution
		Debug|Any CPU = Debug|Any CPU
		Release|Any CPU = Release|Any CPU
	EndGlobalSection
	GlobalSection(SolutionProperties) = preSolution
		HideSolutionNode = FALSE
	EndGlobalSection
	GlobalSection(ProjectConfigurationPlatforms) = postSolution
		{867C318F-C6F4-44AF-BB53-B061066BFD19}.Debug|Any CPU.ActiveCfg = Debug|Any CPU
		{867C318F-C6F4-44AF-BB53-B061066BFD19}.Debug|Any CPU.Build.0 = Debug|Any CPU
		{867C318F-C6F4-44AF-BB53-B061066BFD19}.Release|Any CPU.ActiveCfg = Release|Any CPU
		{867C318F-C6F4-44AF-BB53-B061066BFD19}.Release|Any CPU.Build.0 = Release|Any CPU
		{2F41153D-10BE-4CF7-B487-A1E7490CF4E3}.Debug|Any CPU.ActiveCfg = Debug|Any CPU
		{2F41153D-10BE-4CF7-B487-A1E7490CF4E3}.Debug|Any CPU.Build.0 = Debug|Any CPU
		{2F41153D-10BE-4CF7-B487-A1E7490CF4E3}.Release|Any CPU.ActiveCfg = Release|Any CPU
		{2F41153D-10BE-4CF7-B487-A1E7490CF4E3}.Release|Any CPU.Build.0 = Release|Any CPU
	EndGlobalSection
EndGlobal
